
Microsoft Visual Studio Solution File, Format Version 12.00
# Visual Studio Version 16
VisualStudioVersion = 16.0.30711.63
MinimumVisualStudioVersion = 10.0.40219.1
Project("{FAE04EC0-301F-11D3-BF4B-00C04F79EFBC}") = "SettlementsSpecialization", "SettlementsSpecialization\SettlementsSpecialization.csproj", "{03D077FE-9746-4842-9EFE-4094C32940BF}"
EndProject
Global
	GlobalSection(SolutionConfigurationPlatforms) = preSolution
		Debug|Any CPU = Debug|Any CPU
		Release|Any CPU = Release|Any CPU
	EndGlobalSection
	GlobalSection(ProjectConfigurationPlatforms) = postSolution
		{03D077FE-9746-4842-9EFE-4094C32940BF}.Debug|Any CPU.ActiveCfg = Debug|Any CPU
		{03D077FE-9746-4842-9EFE-4094C32940BF}.Debug|Any CPU.Build.0 = Debug|Any CPU
		{03D077FE-9746-4842-9EFE-4094C32940BF}.Release|Any CPU.ActiveCfg = Release|Any CPU
		{03D077FE-9746-4842-9EFE-4094C32940BF}.Release|Any CPU.Build.0 = Release|Any CPU
	EndGlobalSection
	GlobalSection(SolutionProperties) = preSolution
		HideSolutionNode = FALSE
	EndGlobalSection
	GlobalSection(ExtensibilityGlobals) = postSolution
		SolutionGuid = {FA9DB66B-2925-4F92-BD03-82AA2DBBD968}
	EndGlobalSection
EndGlobal
